
Microsoft Visual Studio Solution File, Format Version 12.00
# Visual Studio Version 16
VisualStudioVersion = 16.0.29709.97
MinimumVisualStudioVersion = 10.0.40219.1
Project("{9A19103F-16F7-4668-BE54-9A1E7A4F7556}") = "ArtSofteStaff", "ArtSofteStaff\ArtSofteStaff.csproj", "{7D1AFB5E-5EE1-493E-BD27-37CCA2D2C6DB}"
EndProject
Global
	GlobalSection(SolutionConfigurationPlatforms) = preSolution
		Debug|Any CPU = Debug|Any CPU
		Release|Any CPU = Release|Any CPU
	EndGlobalSection
	GlobalSection(ProjectConfigurationPlatforms) = postSolution
		{7D1AFB5E-5EE1-493E-BD27-37CCA2D2C6DB}.Debug|Any CPU.ActiveCfg = Debug|Any CPU
		{7D1AFB5E-5EE1-493E-BD27-37CCA2D2C6DB}.Debug|Any CPU.Build.0 = Debug|Any CPU
		{7D1AFB5E-5EE1-493E-BD27-37CCA2D2C6DB}.Release|Any CPU.ActiveCfg = Release|Any CPU
		{7D1AFB5E-5EE1-493E-BD27-37CCA2D2C6DB}.Release|Any CPU.Build.0 = Release|Any CPU
	EndGlobalSection
	GlobalSection(SolutionProperties) = preSolution
		HideSolutionNode = FALSE
	EndGlobalSection
	GlobalSection(ExtensibilityGlobals) = postSolution
		SolutionGuid = {CC41BB27-CEC2-4BD1-B165-4334A052D863}
	EndGlobalSection
EndGlobal
